
Microsoft Visual Studio Solution File, Format Version 12.00
# Visual Studio 15
VisualStudioVersion = 15.0.28010.2003
MinimumVisualStudioVersion = 10.0.40219.1
Project("{FAE04EC0-301F-11D3-BF4B-00C04F79EFBC}") = "OrderDemo", "OrderDemo\OrderDemo.csproj", "{7017782E-FFE4-4C3A-8181-22D99696F47A}"
EndProject
Project("{FAE04EC0-301F-11D3-BF4B-00C04F79EFBC}") = "OrderGUI", "OrderGUI\OrderGUI.csproj", "{9457214D-4439-4E12-93D0-CD2D552F9920}"
EndProject
Global
	GlobalSection(SolutionConfigurationPlatforms) = preSolution
		Debug|Any CPU = Debug|Any CPU
		Release|Any CPU = Release|Any CPU
	EndGlobalSection
	GlobalSection(ProjectConfigurationPlatforms) = postSolution
		{7017782E-FFE4-4C3A-8181-22D99696F47A}.Debug|Any CPU.ActiveCfg = Debug|Any CPU
		{7017782E-FFE4-4C3A-8181-22D99696F47A}.Debug|Any CPU.Build.0 = Debug|Any CPU
		{7017782E-FFE4-4C3A-8181-22D99696F47A}.Release|Any CPU.ActiveCfg = Release|Any CPU
		{7017782E-FFE4-4C3A-8181-22D99696F47A}.Release|Any CPU.Build.0 = Release|Any CPU
		{9457214D-4439-4E12-93D0-CD2D552F9920}.Debug|Any CPU.ActiveCfg = Debug|Any CPU
		{9457214D-4439-4E12-93D0-CD2D552F9920}.Debug|Any CPU.Build.0 = Debug|Any CPU
		{9457214D-4439-4E12-93D0-CD2D552F9920}.Release|Any CPU.ActiveCfg = Release|Any CPU
		{9457214D-4439-4E12-93D0-CD2D552F9920}.Release|Any CPU.Build.0 = Release|Any CPU
	EndGlobalSection
	GlobalSection(SolutionProperties) = preSolution
		HideSolutionNode = FALSE
	EndGlobalSection
	GlobalSection(ExtensibilityGlobals) = postSolution
		SolutionGuid = {600820EE-6376-4B4D-BAA1-51ED0BE24EEE}
	EndGlobalSection
EndGlobal
