
Microsoft Visual Studio Solution File, Format Version 12.00
# Visual Studio 15
VisualStudioVersion = 15.0.28010.2003
MinimumVisualStudioVersion = 10.0.40219.1
Project("{FAE04EC0-301F-11D3-BF4B-00C04F79EFBC}") = "program1", "programe1\program1.csproj", "{05A01644-F6C6-418C-9E1C-07F919F39DD8}"
EndProject
Project("{FAE04EC0-301F-11D3-BF4B-00C04F79EFBC}") = "program2", "program2\program2.csproj", "{54DC7707-FAEC-4F7B-8780-9B90A43AC677}"
EndProject
Global
	GlobalSection(SolutionConfigurationPlatforms) = preSolution
		Debug|Any CPU = Debug|Any CPU
		Release|Any CPU = Release|Any CPU
	EndGlobalSection
	GlobalSection(ProjectConfigurationPlatforms) = postSolution
		{05A01644-F6C6-418C-9E1C-07F919F39DD8}.Debug|Any CPU.ActiveCfg = Debug|Any CPU
		{05A01644-F6C6-418C-9E1C-07F919F39DD8}.Debug|Any CPU.Build.0 = Debug|Any CPU
		{05A01644-F6C6-418C-9E1C-07F919F39DD8}.Release|Any CPU.ActiveCfg = Release|Any CPU
		{05A01644-F6C6-418C-9E1C-07F919F39DD8}.Release|Any CPU.Build.0 = Release|Any CPU
		{54DC7707-FAEC-4F7B-8780-9B90A43AC677}.Debug|Any CPU.ActiveCfg = Debug|Any CPU
		{54DC7707-FAEC-4F7B-8780-9B90A43AC677}.Debug|Any CPU.Build.0 = Debug|Any CPU
		{54DC7707-FAEC-4F7B-8780-9B90A43AC677}.Release|Any CPU.ActiveCfg = Release|Any CPU
		{54DC7707-FAEC-4F7B-8780-9B90A43AC677}.Release|Any CPU.Build.0 = Release|Any CPU
	EndGlobalSection
	GlobalSection(SolutionProperties) = preSolution
		HideSolutionNode = FALSE
	EndGlobalSection
	GlobalSection(ExtensibilityGlobals) = postSolution
		SolutionGuid = {7ADEE4ED-C611-4573-9239-CD82C11F8106}
	EndGlobalSection
EndGlobal
