
Microsoft Visual Studio Solution File, Format Version 12.00
# Visual Studio 15
VisualStudioVersion = 15.0.28010.2003
MinimumVisualStudioVersion = 10.0.40219.1
Project("{FAE04EC0-301F-11D3-BF4B-00C04F79EFBC}") = "ordertest", "ordertest\ordertest.csproj", "{BBB218F7-5D82-4620-9F55-E50D71CF70F5}"
EndProject
Project("{FAE04EC0-301F-11D3-BF4B-00C04F79EFBC}") = "ordertestTests", "ordertestTests\ordertestTests.csproj", "{AD712A1A-5DD8-402C-8D0D-36F495562572}"
EndProject
Global
	GlobalSection(SolutionConfigurationPlatforms) = preSolution
		Debug|Any CPU = Debug|Any CPU
		Release|Any CPU = Release|Any CPU
	EndGlobalSection
	GlobalSection(ProjectConfigurationPlatforms) = postSolution
		{BBB218F7-5D82-4620-9F55-E50D71CF70F5}.Debug|Any CPU.ActiveCfg = Debug|Any CPU
		{BBB218F7-5D82-4620-9F55-E50D71CF70F5}.Debug|Any CPU.Build.0 = Debug|Any CPU
		{BBB218F7-5D82-4620-9F55-E50D71CF70F5}.Release|Any CPU.ActiveCfg = Release|Any CPU
		{BBB218F7-5D82-4620-9F55-E50D71CF70F5}.Release|Any CPU.Build.0 = Release|Any CPU
		{AD712A1A-5DD8-402C-8D0D-36F495562572}.Debug|Any CPU.ActiveCfg = Debug|Any CPU
		{AD712A1A-5DD8-402C-8D0D-36F495562572}.Debug|Any CPU.Build.0 = Debug|Any CPU
		{AD712A1A-5DD8-402C-8D0D-36F495562572}.Release|Any CPU.ActiveCfg = Release|Any CPU
		{AD712A1A-5DD8-402C-8D0D-36F495562572}.Release|Any CPU.Build.0 = Release|Any CPU
	EndGlobalSection
	GlobalSection(SolutionProperties) = preSolution
		HideSolutionNode = FALSE
	EndGlobalSection
	GlobalSection(ExtensibilityGlobals) = postSolution
		SolutionGuid = {40910312-5661-4210-B820-DA97B1ED07AF}
	EndGlobalSection
EndGlobal
